
Microsoft Visual Studio Solution File, Format Version 12.00
# Visual Studio Version 17
VisualStudioVersion = 17.8.34316.72
MinimumVisualStudioVersion = 10.0.40219.1
Project("{8BC9CEB8-8B4A-11D0-8D11-00A0C91BC942}") = "legacyGraphics", "legacyGraphics.vcxproj", "{8D7DAAA9-AFE3-4119-A502-5357B19CE431}"
EndProject
Project("{8BC9CEB8-8B4A-11D0-8D11-00A0C91BC942}") = "Al_Aqsa_Mosque", "D:\repos\Al-Aqsa Project\Al-Aqsa-Mosque\Al_Aqsa_Mosque\Al_Aqsa_Mosque.vcxproj", "{86D31546-E513-49AD-A24A-BB0A2BE17056}"
EndProject
Global
	GlobalSection(SolutionConfigurationPlatforms) = preSolution
		Debug|x64 = Debug|x64
		Debug|x86 = Debug|x86
		Release|x64 = Release|x64
		Release|x86 = Release|x86
	EndGlobalSection
	GlobalSection(ProjectConfigurationPlatforms) = postSolution
		{8D7DAAA9-AFE3-4119-A502-5357B19CE431}.Debug|x64.ActiveCfg = Debug|x64
		{8D7DAAA9-AFE3-4119-A502-5357B19CE431}.Debug|x64.Build.0 = Debug|x64
		{8D7DAAA9-AFE3-4119-A502-5357B19CE431}.Debug|x86.ActiveCfg = Debug|Win32
		{8D7DAAA9-AFE3-4119-A502-5357B19CE431}.Debug|x86.Build.0 = Debug|Win32
		{8D7DAAA9-AFE3-4119-A502-5357B19CE431}.Release|x64.ActiveCfg = Release|x64
		{8D7DAAA9-AFE3-4119-A502-5357B19CE431}.Release|x64.Build.0 = Release|x64
		{8D7DAAA9-AFE3-4119-A502-5357B19CE431}.Release|x86.ActiveCfg = Release|Win32
		{8D7DAAA9-AFE3-4119-A502-5357B19CE431}.Release|x86.Build.0 = Release|Win32
		{86D31546-E513-49AD-A24A-BB0A2BE17056}.Debug|x64.ActiveCfg = Debug|x64
		{86D31546-E513-49AD-A24A-BB0A2BE17056}.Debug|x64.Build.0 = Debug|x64
		{86D31546-E513-49AD-A24A-BB0A2BE17056}.Debug|x86.ActiveCfg = Debug|Win32
		{86D31546-E513-49AD-A24A-BB0A2BE17056}.Debug|x86.Build.0 = Debug|Win32
		{86D31546-E513-49AD-A24A-BB0A2BE17056}.Release|x64.ActiveCfg = Release|x64
		{86D31546-E513-49AD-A24A-BB0A2BE17056}.Release|x64.Build.0 = Release|x64
		{86D31546-E513-49AD-A24A-BB0A2BE17056}.Release|x86.ActiveCfg = Release|Win32
		{86D31546-E513-49AD-A24A-BB0A2BE17056}.Release|x86.Build.0 = Release|Win32
	EndGlobalSection
	GlobalSection(SolutionProperties) = preSolution
		HideSolutionNode = FALSE
	EndGlobalSection
	GlobalSection(ExtensibilityGlobals) = postSolution
		SolutionGuid = {8235C08E-E062-45D1-8829-4D30FA436703}
	EndGlobalSection
EndGlobal
